
Microsoft Visual Studio Solution File, Format Version 12.00
# Visual Studio Version 17
VisualStudioVersion = 17.0.31612.314
MinimumVisualStudioVersion = 10.0.40219.1
Project("{FAE04EC0-301F-11D3-BF4B-00C04F79EFBC}") = "BookStoreAPI", "BookStoreAPI\BookStoreAPI.csproj", "{01E8D18F-A498-40BB-8D09-C10730C8B5BA}"
EndProject
Global
	GlobalSection(SolutionConfigurationPlatforms) = preSolution
		Debug|Any CPU = Debug|Any CPU
		Release|Any CPU = Release|Any CPU
	EndGlobalSection
	GlobalSection(ProjectConfigurationPlatforms) = postSolution
		{01E8D18F-A498-40BB-8D09-C10730C8B5BA}.Debug|Any CPU.ActiveCfg = Debug|Any CPU
		{01E8D18F-A498-40BB-8D09-C10730C8B5BA}.Debug|Any CPU.Build.0 = Debug|Any CPU
		{01E8D18F-A498-40BB-8D09-C10730C8B5BA}.Release|Any CPU.ActiveCfg = Release|Any CPU
		{01E8D18F-A498-40BB-8D09-C10730C8B5BA}.Release|Any CPU.Build.0 = Release|Any CPU
	EndGlobalSection
	GlobalSection(SolutionProperties) = preSolution
		HideSolutionNode = FALSE
	EndGlobalSection
	GlobalSection(ExtensibilityGlobals) = postSolution
		SolutionGuid = {225EC137-E5D4-483B-A5AE-E0D011C292F8}
	EndGlobalSection
EndGlobal
